// !$*UTF8*$!
{
	archiveVersion = 1;
	classes = {
	};
	objectVersion = 50;
	objects = {

/* Begin PBXBuildFile section */
		49289B1525E5A524000DBB30 /* AppDelegate.m in Sources */ = {isa = PBXBuildFile; fileRef = 49289B1425E5A524000DBB30 /* AppDelegate.m */; };
		49289B1825E5A524000DBB30 /* SceneDelegate.m in Sources */ = {isa = PBXBuildFile; fileRef = 49289B1725E5A524000DBB30 /* SceneDelegate.m */; };
		49289B1B25E5A524000DBB30 /* ViewController.m in Sources */ = {isa = PBXBuildFile; fileRef = 49289B1A25E5A524000DBB30 /* ViewController.m */; };
		49289B1E25E5A524000DBB30 /* Main.storyboard in Resources */ = {isa = PBXBuildFile; fileRef = 49289B1C25E5A524000DBB30 /* Main.storyboard */; };
		49289B2025E5A526000DBB30 /* Assets.xcassets in Resources */ = {isa = PBXBuildFile; fileRef = 49289B1F25E5A526000DBB30 /* Assets.xcassets */; };
		49289B2325E5A526000DBB30 /* LaunchScreen.storyboard in Resources */ = {isa = PBXBuildFile; fileRef = 49289B2125E5A526000DBB30 /* LaunchScreen.storyboard */; };
		49289B2625E5A526000DBB30 /* main.m in Sources */ = {isa = PBXBuildFile; fileRef = 49289B2525E5A526000DBB30 /* main.m */; };
		49289B2F25E5A559000DBB30 /* ViewController2.m in Sources */ = {isa = PBXBuildFile; fileRef = 49289B2E25E5A559000DBB30 /* ViewController2.m */; };
		49E97D7525E6A39F006AF6B1 /* ViewController1.m in Sources */ = {isa = PBXBuildFile; fileRef = 49E97D7425E6A39F006AF6B1 /* ViewController1.m */; };
		49E97D7925E6A405006AF6B1 /* ViewController3.m in Sources */ = {isa = PBXBuildFile; fileRef = 49E97D7825E6A405006AF6B1 /* ViewController3.m */; };
/* End PBXBuildFile section */

/* Begin PBXFileReference section */
		49289B1025E5A524000DBB30 /* navigation.app */ = {isa = PBXFileReference; explicitFileType = wrapper.application; includeInIndex = 0; path = navigation.app; sourceTree = BUILT_PRODUCTS_DIR; };
		49289B1325E5A524000DBB30 /* AppDelegate.h */ = {isa = PBXFileReference; lastKnownFileType = sourcecode.c.h; path = AppDelegate.h; sourceTree = "<group>"; };
		49289B1425E5A524000DBB30 /* AppDelegate.m */ = {isa = PBXFileReference; lastKnownFileType = sourcecode.c.objc; path = AppDelegate.m; sourceTree = "<group>"; };
		49289B1625E5A524000DBB30 /* SceneDelegate.h */ = {isa = PBXFileReference; lastKnownFileType = sourcecode.c.h; path = SceneDelegate.h; sourceTree = "<group>"; };
		49289B1725E5A524000DBB30 /* SceneDelegate.m */ = {isa = PBXFileReference; lastKnownFileType = sourcecode.c.objc; path = SceneDelegate.m; sourceTree = "<group>"; };
		49289B1925E5A524000DBB30 /* ViewController.h */ = {isa = PBXFileReference; lastKnownFileType = sourcecode.c.h; path = ViewController.h; sourceTree = "<group>"; };
		49289B1A25E5A524000DBB30 /* ViewController.m */ = {isa = PBXFileReference; lastKnownFileType = sourcecode.c.objc; path = ViewController.m; sourceTree = "<group>"; };
		49289B1D25E5A524000DBB30 /* Base */ = {isa = PBXFileReference; lastKnownFileType = file.storyboard; name = Base; path = Base.lproj/Main.storyboard; sourceTree = "<group>"; };
		49289B1F25E5A526000DBB30 /* Assets.xcassets */ = {isa = PBXFileReference; lastKnownFileType = folder.assetcatalog; path = Assets.xcassets; sourceTree = "<group>"; };
		49289B2225E5A526000DBB30 /* Base */ = {isa = PBXFileReference; lastKnownFileType = file.storyboard; name = Base; path = Base.lproj/LaunchScreen.storyboard; sourceTree = "<group>"; };
		49289B2425E5A526000DBB30 /* Info.plist */ = {isa = PBXFileReference; lastKnownFileType = text.plist.xml; path = Info.plist; sourceTree = "<group>"; };
		49289B2525E5A526000DBB30 /* main.m */ = {isa = PBXFileReference; lastKnownFileType = sourcecode.c.objc; path = main.m; sourceTree = "<group>"; };
		49289B2D25E5A559000DBB30 /* ViewController2.h */ = {isa = PBXFileReference; lastKnownFileType = sourcecode.c.h; path = ViewController2.h; sourceTree = "<group>"; };
		49289B2E25E5A559000DBB30 /* ViewController2.m */ = {isa = PBXFileReference; lastKnownFileType = sourcecode.c.objc; path = ViewController2.m; sourceTree = "<group>"; };
		49E97D7325E6A39F006AF6B1 /* ViewController1.h */ = {isa = PBXFileReference; lastKnownFileType = sourcecode.c.h; path = ViewController1.h; sourceTree = "<group>"; };
		49E97D7425E6A39F006AF6B1 /* ViewController1.m */ = {isa = PBXFileReference; lastKnownFileType = sourcecode.c.objc; path = ViewController1.m; sourceTree = "<group>"; };
		49E97D7725E6A405006AF6B1 /* ViewController3.h */ = {isa = PBXFileReference; lastKnownFileType = sourcecode.c.h; path = ViewController3.h; sourceTree = "<group>"; };
		49E97D7825E6A405006AF6B1 /* ViewController3.m */ = {isa = PBXFileReference; lastKnownFileType = sourcecode.c.objc; path = ViewController3.m; sourceTree = "<group>"; };
/* End PBXFileReference section */

/* Begin PBXFrameworksBuildPhase section */
		49289B0D25E5A524000DBB30 /* Frameworks */ = {
			isa = PBXFrameworksBuildPhase;
			buildActionMask = 2147483647;
			files = (
			);
			runOnlyForDeploymentPostprocessing = 0;
		};
/* End PBXFrameworksBuildPhase section */

/* Begin PBXGroup section */
		49289B0725E5A524000DBB30 = {
			isa = PBXGroup;
			children = (
				49289B1225E5A524000DBB30 /* navigation */,
				49289B1125E5A524000DBB30 /* Products */,
			);
			sourceTree = "<group>";
		};
		49289B1125E5A524000DBB30 /* Products */ = {
			isa = PBXGroup;
			children = (
				49289B1025E5A524000DBB30 /* navigation.app */,
			);
			name = Products;
			sourceTree = "<group>";
		};
		49289B1225E5A524000DBB30 /* navigation */ = {
			isa = PBXGroup;
			children = (
				49289B1325E5A524000DBB30 /* AppDelegate.h */,
				49289B1425E5A524000DBB30 /* AppDelegate.m */,
				49289B1625E5A524000DBB30 /* SceneDelegate.h */,
				49289B1725E5A524000DBB30 /* SceneDelegate.m */,
				49289B1925E5A524000DBB30 /* ViewController.h */,
				49289B1A25E5A524000DBB30 /* ViewController.m */,
				49289B1C25E5A524000DBB30 /* Main.storyboard */,
				49E97D7725E6A405006AF6B1 /* ViewController3.h */,
				49E97D7825E6A405006AF6B1 /* ViewController3.m */,
				49E97D7325E6A39F006AF6B1 /* ViewController1.h */,
				49E97D7425E6A39F006AF6B1 /* ViewController1.m */,
				49289B2D25E5A559000DBB30 /* ViewController2.h */,
				49289B2E25E5A559000DBB30 /* ViewController2.m */,
				49289B1F25E5A526000DBB30 /* Assets.xcassets */,
				49289B2125E5A526000DBB30 /* LaunchScreen.storyboard */,
				49289B2425E5A526000DBB30 /* Info.plist */,
				49289B2525E5A526000DBB30 /* main.m */,
			);
			path = navigation;
			sourceTree = "<group>";
		};
/* End PBXGroup section */

/* Begin PBXNativeTarget section */
		49289B0F25E5A524000DBB30 /* navigation */ = {
			isa = PBXNativeTarget;
			buildConfigurationList = 49289B2925E5A526000DBB30 /* Build configuration list for PBXNativeTarget "navigation" */;
			buildPhases = (
				49289B0C25E5A524000DBB30 /* Sources */,
				49289B0D25E5A524000DBB30 /* Frameworks */,
				49289B0E25E5A524000DBB30 /* Resources */,
			);
			buildRules = (
			);
			dependencies = (
			);
			name = navigation;
			productName = navigation;
			productReference = 49289B1025E5A524000DBB30 /* navigation.app */;
			productType = "com.apple.product-type.application";
		};
/* End PBXNativeTarget section */

/* Begin PBXProject section */
		49289B0825E5A524000DBB30 /* Project object */ = {
			isa = PBXProject;
			attributes = {
				LastUpgradeCheck = 1240;
				TargetAttributes = {
					49289B0F25E5A524000DBB30 = {
						CreatedOnToolsVersion = 12.4;
					};
				};
			};
			buildConfigurationList = 49289B0B25E5A524000DBB30 /* Build configuration list for PBXProject "navigation" */;
			compatibilityVersion = "Xcode 9.3";
			developmentRegion = en;
			hasScannedForEncodings = 0;
			knownRegions = (
				en,
				Base,
			);
			mainGroup = 49289B0725E5A524000DBB30;
			productRefGroup = 49289B1125E5A524000DBB30 /* Products */;
			projectDirPath = "";
			projectRoot = "";
			targets = (
				49289B0F25E5A524000DBB30 /* navigation */,
			);
		};
/* End PBXProject section */

/* Begin PBXResourcesBuildPhase section */
		49289B0E25E5A524000DBB30 /* Resources */ = {
			isa = PBXResourcesBuildPhase;
			buildActionMask = 2147483647;
			files = (
				49289B2325E5A526000DBB30 /* LaunchScreen.storyboard in Resources */,
				49289B2025E5A526000DBB30 /* Assets.xcassets in Resources */,
				49289B1E25E5A524000DBB30 /* Main.storyboard in Resources */,
			);
			runOnlyForDeploymentPostprocessing = 0;
		};
/* End PBXResourcesBuildPhase section */

/* Begin PBXSourcesBuildPhase section */
		49289B0C25E5A524000DBB30 /* Sources */ = {
			isa = PBXSourcesBuildPhase;
			buildActionMask = 2147483647;
			files = (
				49289B1B25E5A524000DBB30 /* ViewController.m in Sources */,
				49289B1525E5A524000DBB30 /* AppDelegate.m in Sources */,
				49E97D7525E6A39F006AF6B1 /* ViewController1.m in Sources */,
				49289B2F25E5A559000DBB30 /* ViewController2.m in Sources */,
				49289B2625E5A526000DBB30 /* main.m in Sources */,
				49289B1825E5A524000DBB30 /* SceneDelegate.m in Sources */,
				49E97D7925E6A405006AF6B1 /* ViewController3.m in Sources */,
			);
			runOnlyForDeploymentPostprocessing = 0;
		};
/* End PBXSourcesBuildPhase section */

/* Begin PBXVariantGroup section */
		49289B1C25E5A524000DBB30 /* Main.storyboard */ = {
			isa = PBXVariantGroup;
			children = (
				49289B1D25E5A524000DBB30 /* Base */,
			);
			name = Main.storyboard;
			sourceTree = "<group>";
		};
		49289B2125E5A526000DBB30 /* LaunchScreen.storyboard */ = {
			isa = PBXVariantGroup;
			children = (
				49289B2225E5A526000DBB30 /* Base */,
			);
			name = LaunchScreen.storyboard;
			sourceTree = "<group>";
		};
/* End PBXVariantGroup section */

/* Begin XCBuildConfiguration section */
		49289B2725E5A526000DBB30 /* Debug */ = {
			isa = XCBuildConfiguration;
			buildSettings = {
				ALWAYS_SEARCH_USER_PATHS = NO;
				CLANG_ANALYZER_NONNULL = YES;
				CLANG_ANALYZER_NUMBER_OBJECT_CONVERSION = YES_AGGRESSIVE;
				CLANG_CXX_LANGUAGE_STANDARD = "gnu++14";
				CLANG_CXX_LIBRARY = "libc++";
				CLANG_ENABLE_MODULES = YES;
				CLANG_ENABLE_OBJC_ARC = YES;
				CLANG_ENABLE_OBJC_WEAK = YES;
				CLANG_WARN_BLOCK_CAPTURE_AUTORELEASING = YES;
				CLANG_WARN_BOOL_CONVERSION = YES;
				CLANG_WARN_COMMA = YES;
				CLANG_WARN_CONSTANT_CONVERSION = YES;
				CLANG_WARN_DEPRECATED_OBJC_IMPLEMENTATIONS = YES;
				CLANG_WARN_DIRECT_OBJC_ISA_USAGE = YES_ERROR;
				CLANG_WARN_DOCUMENTATION_COMMENTS = YES;
				CLANG_WARN_EMPTY_BODY = YES;
				CLANG_WARN_ENUM_CONVERSION = YES;
				CLANG_WARN_INFINITE_RECURSION = YES;
				CLANG_WARN_INT_CONVERSION = YES;
				CLANG_WARN_NON_LITERAL_NULL_CONVERSION = YES;
				CLANG_WARN_OBJC_IMPLICIT_RETAIN_SELF = YES;
				CLANG_WARN_OBJC_LITERAL_CONVERSION = YES;
				CLANG_WARN_OBJC_ROOT_CLASS = YES_ERROR;
				CLANG_WARN_QUOTED_INCLUDE_IN_FRAMEWORK_HEADER = YES;
				CLANG_WARN_RANGE_LOOP_ANALYSIS = YES;
				CLANG_WARN_STRICT_PROTOTYPES = YES;
				CLANG_WARN_SUSPICIOUS_MOVE = YES;
				CLANG_WARN_UNGUARDED_AVAILABILITY = YES_AGGRESSIVE;
				CLANG_WARN_UNREACHABLE_CODE = YES;
				CLANG_WARN__DUPLICATE_METHOD_MATCH = YES;
				COPY_PHASE_STRIP = NO;
				DEBUG_INFORMATION_FORMAT = dwarf;
				ENABLE_STRICT_OBJC_MSGSEND = YES;
				ENABLE_TESTABILITY = YES;
				GCC_C_LANGUAGE_STANDARD = gnu11;
				GCC_DYNAMIC_NO_PIC = NO;
				GCC_NO_COMMON_BLOCKS = YES;
				GCC_OPTIMIZATION_LEVEL = 0;
				GCC_PREPROCESSOR_DEFINITIONS = (
					"DEBUG=1",
					"$(inherited)",
				);
				GCC_WARN_64_TO_32_BIT_CONVERSION = YES;
				GCC_WARN_ABOUT_RETURN_TYPE = YES_ERROR;
				GCC_WARN_UNDECLARED_SELECTOR = YES;
				GCC_WARN_UNINITIALIZED_AUTOS = YES_AGGRESSIVE;
				GCC_WARN_UNUSED_FUNCTION = YES;
				GCC_WARN_UNUSED_VARIABLE = YES;
				IPHONEOS_DEPLOYMENT_TARGET = 14.4;
				MTL_ENABLE_DEBUG_INFO = INCLUDE_SOURCE;
				MTL_FAST_MATH = YES;
				ONLY_ACTIVE_ARCH = YES;
				SDKROOT = iphoneos;
			};
			name = Debug;
		};
		49289B2825E5A526000DBB30 /* Release */ = {
			isa = XCBuildConfiguration;
			buildSettings = {
				ALWAYS_SEARCH_USER_PATHS = NO;
				CLANG_ANALYZER_NONNULL = YES;
				CLANG_ANALYZER_NUMBER_OBJECT_CONVERSION = YES_AGGRESSIVE;
				CLANG_CXX_LANGUAGE_STANDARD = "gnu++14";
				CLANG_CXX_LIBRARY = "libc++";
				CLANG_ENABLE_MODULES = YES;
				CLANG_ENABLE_OBJC_ARC = YES;
				CLANG_ENABLE_OBJC_WEAK = YES;
				CLANG_WARN_BLOCK_CAPTURE_AUTORELEASING = YES;
				CLANG_WARN_BOOL_CONVERSION = YES;
				CLANG_WARN_COMMA = YES;
				CLANG_WARN_CONSTANT_CONVERSION = YES;
				CLANG_WARN_DEPRECATED_OBJC_IMPLEMENTATIONS = YES;
				CLANG_WARN_DIRECT_OBJC_ISA_USAGE = YES_ERROR;
				CLANG_WARN_DOCUMENTATION_COMMENTS = YES;
				CLANG_WARN_EMPTY_BODY = YES;
				CLANG_WARN_ENUM_CONVERSION = YES;
				CLANG_WARN_INFINITE_RECURSION = YES;
				CLANG_WARN_INT_CONVERSION = YES;
				CLANG_WARN_NON_LITERAL_NULL_CONVERSION = YES;
				CLANG_WARN_OBJC_IMPLICIT_RETAIN_SELF = YES;
				CLANG_WARN_OBJC_LITERAL_CONVERSION = YES;
				CLANG_WARN_OBJC_ROOT_CLASS = YES_ERROR;
				CLANG_WARN_QUOTED_INCLUDE_IN_FRAMEWORK_HEADER = YES;
				CLANG_WARN_RANGE_LOOP_ANALYSIS = YES;
				CLANG_WARN_STRICT_PROTOTYPES = YES;
				CLANG_WARN_SUSPICIOUS_MOVE = YES;
				CLANG_WARN_UNGUARDED_AVAILABILITY = YES_AGGRESSIVE;
				CLANG_WARN_UNREACHABLE_CODE = YES;
				CLANG_WARN__DUPLICATE_METHOD_MATCH = YES;
				COPY_PHASE_STRIP = NO;
				DEBUG_INFORMATION_FORMAT = "dwarf-with-dsym";
				ENABLE_NS_ASSERTIONS = NO;
				ENABLE_STRICT_OBJC_MSGSEND = YES;
				GCC_C_LANGUAGE_STANDARD = gnu11;
				GCC_NO_COMMON_BLOCKS = YES;
				GCC_WARN_64_TO_32_BIT_CONVERSION = YES;
				GCC_WARN_ABOUT_RETURN_TYPE = YES_ERROR;
				GCC_WARN_UNDECLARED_SELECTOR = YES;
				GCC_WARN_UNINITIALIZED_AUTOS = YES_AGGRESSIVE;
				GCC_WARN_UNUSED_FUNCTION = YES;
				GCC_WARN_UNUSED_VARIABLE = YES;
				IPHONEOS_DEPLOYMENT_TARGET = 14.4;
				MTL_ENABLE_DEBUG_INFO = NO;
				MTL_FAST_MATH = YES;
				SDKROOT = iphoneos;
				VALIDATE_PRODUCT = YES;
			};
			name = Release;
		};
		49289B2A25E5A526000DBB30 /* Debug */ = {
			isa = XCBuildConfiguration;
			buildSettings = {
				ASSETCATALOG_COMPILER_APPICON_NAME = AppIcon;
				ASSETCATALOG_COMPILER_GLOBAL_ACCENT_COLOR_NAME = AccentColor;
				CODE_SIGN_STYLE = Automatic;
				DEVELOPMENT_TEAM = AD9479577H;
				INFOPLIST_FILE = navigation/Info.plist;
				IPHONEOS_DEPLOYMENT_TARGET = 13.0;
				LD_RUNPATH_SEARCH_PATHS = (
					"$(inherited)",
					"@executable_path/Frameworks",
				);
				PRODUCT_BUNDLE_IDENTIFIER = edu.binghamton.navigation;
				PRODUCT_NAME = "$(TARGET_NAME)";
				TARGETED_DEVICE_FAMILY = "1,2";
			};
			name = Debug;
		};
		49289B2B25E5A526000DBB30 /* Release */ = {
			isa = XCBuildConfiguration;
			buildSettings = {
				ASSETCATALOG_COMPILER_APPICON_NAME = AppIcon;
				ASSETCATALOG_COMPILER_GLOBAL_ACCENT_COLOR_NAME = AccentColor;
				CODE_SIGN_STYLE = Automatic;
				DEVELOPMENT_TEAM = AD9479577H;
				INFOPLIST_FILE = navigation/Info.plist;
				IPHONEOS_DEPLOYMENT_TARGET = 13.0;
				LD_RUNPATH_SEARCH_PATHS = (
					"$(inherited)",
					"@executable_path/Frameworks",
				);
				PRODUCT_BUNDLE_IDENTIFIER = edu.binghamton.navigation;
				PRODUCT_NAME = "$(TARGET_NAME)";
				TARGETED_DEVICE_FAMILY = "1,2";
			};
			name = Release;
		};
/* End XCBuildConfiguration section */

/* Begin XCConfigurationList section */
		49289B0B25E5A524000DBB30 /* Build configuration list for PBXProject "navigation" */ = {
			isa = XCConfigurationList;
			buildConfigurations = (
				49289B2725E5A526000DBB30 /* Debug */,
				49289B2825E5A526000DBB30 /* Release */,
			);
			defaultConfigurationIsVisible = 0;
			defaultConfigurationName = Release;
		};
		49289B2925E5A526000DBB30 /* Build configuration list for PBXNativeTarget "navigation" */ = {
			isa = XCConfigurationList;
			buildConfigurations = (
				49289B2A25E5A526000DBB30 /* Debug */,
				49289B2B25E5A526000DBB30 /* Release */,
			);
			defaultConfigurationIsVisible = 0;
			defaultConfigurationName = Release;
		};
/* End XCConfigurationList section */
	};
	rootObject = 49289B0825E5A524000DBB30 /* Project object */;
}
